{
  "version": 4,
  "terraform_version": "1.1.7",
  "serial": 3,
  "lineage": "872aa419-b0a2-2a23-bf5b-3f458cf4edb3",
  "outputs": {},
  "resources": [
    {
      "mode": "managed",
      "type": "aws_instance",
      "name": "example",
      "provider": "provider[\"registry.terraform.io/hashicorp/aws\"]",
      "instances": [
        {
          "status": "tainted",
          "schema_version": 1,
          "attributes": {
            "ami": "ami-0b0ea68c435eb488d",
            "arn": "arn:aws:ec2:us-east-1:154943416323:instance/i-0a9897f4c9994e716",
            "associate_public_ip_address": true,
            "availability_zone": "us-east-1c",
            "capacity_reservation_specification": [
              {
                "capacity_reservation_preference": "open",
                "capacity_reservation_target": []
              }
            ],
            "cpu_core_count": 1,
            "cpu_threads_per_core": 1,
            "credit_specification": [
              {
                "cpu_credits": "standard"
              }
            ],
            "disable_api_termination": false,
            "ebs_block_device": [],
            "ebs_optimized": false,
            "enclave_options": [
              {
                "enabled": false
              }
            ],
            "ephemeral_block_device": [],
            "get_password_data": false,
            "hibernation": false,
            "host_id": null,
            "iam_instance_profile": "",
            "id": "i-0a9897f4c9994e716",
            "instance_initiated_shutdown_behavior": "stop",
            "instance_state": "running",
            "instance_type": "t2.micro",
            "ipv6_address_count": 0,
            "ipv6_addresses": [],
            "key_name": "mykey",
            "launch_template": [],
            "metadata_options": [
              {
                "http_endpoint": "enabled",
                "http_put_response_hop_limit": 1,
                "http_tokens": "optional",
                "instance_metadata_tags": "disabled"
              }
            ],
            "monitoring": false,
            "network_interface": [],
            "outpost_arn": "",
            "password_data": "",
            "placement_group": "",
            "placement_partition_number": null,
            "primary_network_interface_id": "eni-07cefc004c66e5da5",
            "private_dns": "ip-172-31-90-57.ec2.internal",
            "private_ip": "172.31.90.57",
            "public_dns": "ec2-54-159-224-96.compute-1.amazonaws.com",
            "public_ip": "54.159.224.96",
            "root_block_device": [
              {
                "delete_on_termination": true,
                "device_name": "/dev/sda1",
                "encrypted": false,
                "iops": 100,
                "kms_key_id": "",
                "tags": {},
                "throughput": 0,
                "volume_id": "vol-083b8f6b629360e7d",
                "volume_size": 8,
                "volume_type": "gp2"
              }
            ],
            "secondary_private_ips": [],
            "security_groups": [
              "default"
            ],
            "source_dest_check": true,
            "subnet_id": "subnet-0e87f832af0460076",
            "tags": null,
            "tags_all": {},
            "tenancy": "default",
            "timeouts": null,
            "user_data": null,
            "user_data_base64": null,
            "volume_tags": null,
            "vpc_security_group_ids": [
              "sg-077810169bec05b0c"
            ]
          },
          "sensitive_attributes": [],
          "private": "eyJlMmJmYjczMC1lY2FhLTExZTYtOGY4OC0zNDM2M2JjN2M0YzAiOnsiY3JlYXRlIjo2MDAwMDAwMDAwMDAsImRlbGV0ZSI6MTIwMDAwMDAwMDAwMCwidXBkYXRlIjo2MDAwMDAwMDAwMDB9LCJzY2hlbWFfdmVyc2lvbiI6IjEifQ==",
          "dependencies": [
            "aws_key_pair.mykey"
          ]
        }
      ]
    },
    {
      "mode": "managed",
      "type": "aws_key_pair",
      "name": "mykey",
      "provider": "provider[\"registry.terraform.io/hashicorp/aws\"]",
      "instances": [
        {
          "schema_version": 1,
          "attributes": {
            "arn": "arn:aws:ec2:us-east-1:154943416323:key-pair/mykey",
            "fingerprint": "71:07:82:88:3a:66:19:fe:94:63:3c:49:52:fa:ca:ab",
            "id": "mykey",
            "key_name": "mykey",
            "key_name_prefix": "",
            "key_pair_id": "key-05bb890e39b35444e",
            "public_key": "ssh-rsa AAAAB3NzaC1yc2EAAAADAQABAAABgQC/NiJZOw7J53Ara5jKeMvvvf7ABhE1U1pGiHzGl7fqWBesA3SgtnEeSlNknsFQsZcHsgZ/HDRaVGngAhN/fHwzfFVpQmQxckmAAqFTh8TcoSFV+GFlUjWnOJmsMnHOA6Z6P3Dh8f1LNVplUgEQ1SNWOfNJ2efcL7vQMp4qymJO+yWxcodZH7QepRzGZp4kARmrV8jqu/yvdI3cqBI377fmHbQ0WkKVQabqWN1wigdBOH8Pa0CLrz7sJNFIvohqzbAknNpIr+YNSHLRBEz1ztOZocci78fGcIdGCkisQOlsp1U894uozw7bRhfSiQbNlERqtq/AKCUwb+XFd5VnbhN4pje5uIXUmM2u6O0r0amSZ06Ael8jbcjdCwHTyhFJm/iOI9dPb2jZpHDUaHNWWSqHE04qud4P6gDcd+fovwQMvL+xE87zu2hlTH+Zk9lMOeRIPmjcTdTDSMnV5j9O//3q6jfCOW+n2NeyYkGMuFjgPz9rqxvKTyXxmDxe10cQCak= sasindu@LAPTOP-PJTIUG52",
            "tags": null,
            "tags_all": {}
          },
          "sensitive_attributes": [],
          "private": "eyJzY2hlbWFfdmVyc2lvbiI6IjEifQ=="
        }
      ]
    }
  ]
}
